// !$*UTF8*$!
{
	archiveVersion = 1;
	classes = {
	};
	objectVersion = 46;
	objects = {

/* Begin PBXBuildFile section */
		943BABE91C23C81A006B12D2 /* AppDelegate.swift in Sources */ = {isa = PBXBuildFile; fileRef = 943BABE81C23C81A006B12D2 /* AppDelegate.swift */; };
		943BABEB1C23C81A006B12D2 /* ViewController.swift in Sources */ = {isa = PBXBuildFile; fileRef = 943BABEA1C23C81A006B12D2 /* ViewController.swift */; };
		943BABEE1C23C81A006B12D2 /* Main.storyboard in Resources */ = {isa = PBXBuildFile; fileRef = 943BABEC1C23C81A006B12D2 /* Main.storyboard */; };
		943BABF01C23C81A006B12D2 /* Assets.xcassets in Resources */ = {isa = PBXBuildFile; fileRef = 943BABEF1C23C81A006B12D2 /* Assets.xcassets */; };
		943BABF31C23C81A006B12D2 /* LaunchScreen.storyboard in Resources */ = {isa = PBXBuildFile; fileRef = 943BABF11C23C81A006B12D2 /* LaunchScreen.storyboard */; };
		943BABFB1C23CB76006B12D2 /* pokemon.csv in Resources */ = {isa = PBXBuildFile; fileRef = 943BABFA1C23CB76006B12D2 /* pokemon.csv */; };
/* End PBXBuildFile section */

/* Begin PBXFileReference section */
		943BABE51C23C81A006B12D2 /* Pokedex.app */ = {isa = PBXFileReference; explicitFileType = wrapper.application; includeInIndex = 0; path = Pokedex.app; sourceTree = BUILT_PRODUCTS_DIR; };
		943BABE81C23C81A006B12D2 /* AppDelegate.swift */ = {isa = PBXFileReference; lastKnownFileType = sourcecode.swift; path = AppDelegate.swift; sourceTree = "<group>"; };
		943BABEA1C23C81A006B12D2 /* ViewController.swift */ = {isa = PBXFileReference; lastKnownFileType = sourcecode.swift; path = ViewController.swift; sourceTree = "<group>"; };
		943BABED1C23C81A006B12D2 /* Base */ = {isa = PBXFileReference; lastKnownFileType = file.storyboard; name = Base; path = Base.lproj/Main.storyboard; sourceTree = "<group>"; };
		943BABEF1C23C81A006B12D2 /* Assets.xcassets */ = {isa = PBXFileReference; lastKnownFileType = folder.assetcatalog; path = Assets.xcassets; sourceTree = "<group>"; };
		943BABF21C23C81A006B12D2 /* Base */ = {isa = PBXFileReference; lastKnownFileType = file.storyboard; name = Base; path = Base.lproj/LaunchScreen.storyboard; sourceTree = "<group>"; };
		943BABF41C23C81A006B12D2 /* Info.plist */ = {isa = PBXFileReference; lastKnownFileType = text.plist.xml; path = Info.plist; sourceTree = "<group>"; };
		943BABFA1C23CB76006B12D2 /* pokemon.csv */ = {isa = PBXFileReference; fileEncoding = 4; lastKnownFileType = text; path = pokemon.csv; sourceTree = "<group>"; };
/* End PBXFileReference section */

/* Begin PBXFrameworksBuildPhase section */
		943BABE21C23C81A006B12D2 /* Frameworks */ = {
			isa = PBXFrameworksBuildPhase;
			buildActionMask = 2147483647;
			files = (
			);
			runOnlyForDeploymentPostprocessing = 0;
		};
/* End PBXFrameworksBuildPhase section */

/* Begin PBXGroup section */
		943BABDC1C23C81A006B12D2 = {
			isa = PBXGroup;
			children = (
				943BABE71C23C81A006B12D2 /* Pokedex */,
				943BABE61C23C81A006B12D2 /* Products */,
			);
			sourceTree = "<group>";
		};
		943BABE61C23C81A006B12D2 /* Products */ = {
			isa = PBXGroup;
			children = (
				943BABE51C23C81A006B12D2 /* Pokedex.app */,
			);
			name = Products;
			sourceTree = "<group>";
		};
		943BABE71C23C81A006B12D2 /* Pokedex */ = {
			isa = PBXGroup;
			children = (
				943BABE81C23C81A006B12D2 /* AppDelegate.swift */,
				943BABEA1C23C81A006B12D2 /* ViewController.swift */,
				943BABFA1C23CB76006B12D2 /* pokemon.csv */,
				943BABEC1C23C81A006B12D2 /* Main.storyboard */,
				943BABEF1C23C81A006B12D2 /* Assets.xcassets */,
				943BABF11C23C81A006B12D2 /* LaunchScreen.storyboard */,
				943BABF41C23C81A006B12D2 /* Info.plist */,
			);
			path = Pokedex;
			sourceTree = "<group>";
		};
/* End PBXGroup section */

/* Begin PBXNativeTarget section */
		943BABE41C23C81A006B12D2 /* Pokedex */ = {
			isa = PBXNativeTarget;
			buildConfigurationList = 943BABF71C23C81A006B12D2 /* Build configuration list for PBXNativeTarget "Pokedex" */;
			buildPhases = (
				943BABE11C23C81A006B12D2 /* Sources */,
				943BABE21C23C81A006B12D2 /* Frameworks */,
				943BABE31C23C81A006B12D2 /* Resources */,
			);
			buildRules = (
			);
			dependencies = (
			);
			name = Pokedex;
			productName = Pokedex;
			productReference = 943BABE51C23C81A006B12D2 /* Pokedex.app */;
			productType = "com.apple.product-type.application";
		};
/* End PBXNativeTarget section */

/* Begin PBXProject section */
		943BABDD1C23C81A006B12D2 /* Project object */ = {
			isa = PBXProject;
			attributes = {
				LastSwiftUpdateCheck = 0720;
				LastUpgradeCheck = 0720;
				ORGANIZATIONNAME = "Ryan Smith";
				TargetAttributes = {
					943BABE41C23C81A006B12D2 = {
						CreatedOnToolsVersion = 7.2;
						DevelopmentTeam = 29JD62U4FM;
					};
				};
			};
			buildConfigurationList = 943BABE01C23C81A006B12D2 /* Build configuration list for PBXProject "Pokedex" */;
			compatibilityVersion = "Xcode 3.2";
			developmentRegion = English;
			hasScannedForEncodings = 0;
			knownRegions = (
				en,
				Base,
			);
			mainGroup = 943BABDC1C23C81A006B12D2;
			productRefGroup = 943BABE61C23C81A006B12D2 /* Products */;
			projectDirPath = "";
			projectRoot = "";
			targets = (
				943BABE41C23C81A006B12D2 /* Pokedex */,
			);
		};
/* End PBXProject section */

/* Begin PBXResourcesBuildPhase section */
		943BABE31C23C81A006B12D2 /* Resources */ = {
			isa = PBXResourcesBuildPhase;
			buildActionMask = 2147483647;
			files = (
				943BABF31C23C81A006B12D2 /* LaunchScreen.storyboard in Resources */,
				943BABF01C23C81A006B12D2 /* Assets.xcassets in Resources */,
				943BABFB1C23CB76006B12D2 /* pokemon.csv in Resources */,
				943BABEE1C23C81A006B12D2 /* Main.storyboard in Resources */,
			);
			runOnlyForDeploymentPostprocessing = 0;
		};
/* End PBXResourcesBuildPhase section */

/* Begin PBXSourcesBuildPhase section */
		943BABE11C23C81A006B12D2 /* Sources */ = {
			isa = PBXSourcesBuildPhase;
			buildActionMask = 2147483647;
			files = (
				943BABEB1C23C81A006B12D2 /* ViewController.swift in Sources */,
				943BABE91C23C81A006B12D2 /* AppDelegate.swift in Sources */,
			);
			runOnlyForDeploymentPostprocessing = 0;
		};
/* End PBXSourcesBuildPhase section */

/* Begin PBXVariantGroup section */
		943BABEC1C23C81A006B12D2 /* Main.storyboard */ = {
			isa = PBXVariantGroup;
			children = (
				943BABED1C23C81A006B12D2 /* Base */,
			);
			name = Main.storyboard;
			sourceTree = "<group>";
		};
		943BABF11C23C81A006B12D2 /* LaunchScreen.storyboard */ = {
			isa = PBXVariantGroup;
			children = (
				943BABF21C23C81A006B12D2 /* Base */,
			);
			name = LaunchScreen.storyboard;
			sourceTree = "<group>";
		};
/* End PBXVariantGroup section */

/* Begin XCBuildConfiguration section */
		943BABF51C23C81A006B12D2 /* Debug */ = {
			isa = XCBuildConfiguration;
			buildSettings = {
				ALWAYS_SEARCH_USER_PATHS = NO;
				CLANG_CXX_LANGUAGE_STANDARD = "gnu++0x";
				CLANG_CXX_LIBRARY = "libc++";
				CLANG_ENABLE_MODULES = YES;
				CLANG_ENABLE_OBJC_ARC = YES;
				CLANG_WARN_BOOL_CONVERSION = YES;
				CLANG_WARN_CONSTANT_CONVERSION = YES;
				CLANG_WARN_DIRECT_OBJC_ISA_USAGE = YES_ERROR;
				CLANG_WARN_EMPTY_BODY = YES;
				CLANG_WARN_ENUM_CONVERSION = YES;
				CLANG_WARN_INT_CONVERSION = YES;
				CLANG_WARN_OBJC_ROOT_CLASS = YES_ERROR;
				CLANG_WARN_UNREACHABLE_CODE = YES;
				CLANG_WARN__DUPLICATE_METHOD_MATCH = YES;
				"CODE_SIGN_IDENTITY[sdk=iphoneos*]" = "iPhone Developer";
				COPY_PHASE_STRIP = NO;
				DEBUG_INFORMATION_FORMAT = dwarf;
				ENABLE_STRICT_OBJC_MSGSEND = YES;
				ENABLE_TESTABILITY = YES;
				GCC_C_LANGUAGE_STANDARD = gnu99;
				GCC_DYNAMIC_NO_PIC = NO;
				GCC_NO_COMMON_BLOCKS = YES;
				GCC_OPTIMIZATION_LEVEL = 0;
				GCC_PREPROCESSOR_DEFINITIONS = (
					"DEBUG=1",
					"$(inherited)",
				);
				GCC_WARN_64_TO_32_BIT_CONVERSION = YES;
				GCC_WARN_ABOUT_RETURN_TYPE = YES_ERROR;
				GCC_WARN_UNDECLARED_SELECTOR = YES;
				GCC_WARN_UNINITIALIZED_AUTOS = YES_AGGRESSIVE;
				GCC_WARN_UNUSED_FUNCTION = YES;
				GCC_WARN_UNUSED_VARIABLE = YES;
				IPHONEOS_DEPLOYMENT_TARGET = 9.2;
				MTL_ENABLE_DEBUG_INFO = YES;
				ONLY_ACTIVE_ARCH = YES;
				SDKROOT = iphoneos;
				SWIFT_OPTIMIZATION_LEVEL = "-Onone";
			};
			name = Debug;
		};
		943BABF61C23C81A006B12D2 /* Release */ = {
			isa = XCBuildConfiguration;
			buildSettings = {
				ALWAYS_SEARCH_USER_PATHS = NO;
				CLANG_CXX_LANGUAGE_STANDARD = "gnu++0x";
				CLANG_CXX_LIBRARY = "libc++";
				CLANG_ENABLE_MODULES = YES;
				CLANG_ENABLE_OBJC_ARC = YES;
				CLANG_WARN_BOOL_CONVERSION = YES;
				CLANG_WARN_CONSTANT_CONVERSION = YES;
				CLANG_WARN_DIRECT_OBJC_ISA_USAGE = YES_ERROR;
				CLANG_WARN_EMPTY_BODY = YES;
				CLANG_WARN_ENUM_CONVERSION = YES;
				CLANG_WARN_INT_CONVERSION = YES;
				CLANG_WARN_OBJC_ROOT_CLASS = YES_ERROR;
				CLANG_WARN_UNREACHABLE_CODE = YES;
				CLANG_WARN__DUPLICATE_METHOD_MATCH = YES;
				"CODE_SIGN_IDENTITY[sdk=iphoneos*]" = "iPhone Developer";
				COPY_PHASE_STRIP = NO;
				DEBUG_INFORMATION_FORMAT = "dwarf-with-dsym";
				ENABLE_NS_ASSERTIONS = NO;
				ENABLE_STRICT_OBJC_MSGSEND = YES;
				GCC_C_LANGUAGE_STANDARD = gnu99;
				GCC_NO_COMMON_BLOCKS = YES;
				GCC_WARN_64_TO_32_BIT_CONVERSION = YES;
				GCC_WARN_ABOUT_RETURN_TYPE = YES_ERROR;
				GCC_WARN_UNDECLARED_SELECTOR = YES;
				GCC_WARN_UNINITIALIZED_AUTOS = YES_AGGRESSIVE;
				GCC_WARN_UNUSED_FUNCTION = YES;
				GCC_WARN_UNUSED_VARIABLE = YES;
				IPHONEOS_DEPLOYMENT_TARGET = 9.2;
				MTL_ENABLE_DEBUG_INFO = NO;
				SDKROOT = iphoneos;
				VALIDATE_PRODUCT = YES;
			};
			name = Release;
		};
		943BABF81C23C81A006B12D2 /* Debug */ = {
			isa = XCBuildConfiguration;
			buildSettings = {
				ASSETCATALOG_COMPILER_APPICON_NAME = AppIcon;
				INFOPLIST_FILE = Pokedex/Info.plist;
				LD_RUNPATH_SEARCH_PATHS = "$(inherited) @executable_path/Frameworks";
				PRODUCT_BUNDLE_IDENTIFIER = com.smithlv.Pokedex;
				PRODUCT_NAME = "$(TARGET_NAME)";
			};
			name = Debug;
		};
		943BABF91C23C81A006B12D2 /* Release */ = {
			isa = XCBuildConfiguration;
			buildSettings = {
				ASSETCATALOG_COMPILER_APPICON_NAME = AppIcon;
				INFOPLIST_FILE = Pokedex/Info.plist;
				LD_RUNPATH_SEARCH_PATHS = "$(inherited) @executable_path/Frameworks";
				PRODUCT_BUNDLE_IDENTIFIER = com.smithlv.Pokedex;
				PRODUCT_NAME = "$(TARGET_NAME)";
			};
			name = Release;
		};
/* End XCBuildConfiguration section */

/* Begin XCConfigurationList section */
		943BABE01C23C81A006B12D2 /* Build configuration list for PBXProject "Pokedex" */ = {
			isa = XCConfigurationList;
			buildConfigurations = (
				943BABF51C23C81A006B12D2 /* Debug */,
				943BABF61C23C81A006B12D2 /* Release */,
			);
			defaultConfigurationIsVisible = 0;
			defaultConfigurationName = Release;
		};
		943BABF71C23C81A006B12D2 /* Build configuration list for PBXNativeTarget "Pokedex" */ = {
			isa = XCConfigurationList;
			buildConfigurations = (
				943BABF81C23C81A006B12D2 /* Debug */,
				943BABF91C23C81A006B12D2 /* Release */,
			);
			defaultConfigurationIsVisible = 0;
		};
/* End XCConfigurationList section */
	};
	rootObject = 943BABDD1C23C81A006B12D2 /* Project object */;
}
